{
  "name": "molly-proxy",
  "version": "1.0.6",
  "lockfileVersion": 3,
  "requires": true,
  "packages": {
    "": {
      "name": "molly-proxy",
      "version": "1.0.7",
      "license": "MIT",
      "dependencies": {
        "molly-fetch": "^1.1.10"
      }
    },
    "node_modules/molly-fetch": {
      "version": "1.1.7",
      "resolved": "https://registry.npmjs.org/molly-fetch/-/molly-fetch-1.1.7.tgz",
      "integrity": "sha512-CRyIM5/XEljCwstlEbugvC/sFFDrR9mcPn12eo2oxDQeB37PMrsSMrdINbl+dCFdGFl56jNZ/nCN77I0d9WDYw=="
    }
  }
}
